
Microsoft Visual Studio Solution File, Format Version 12.00
# Visual Studio Version 17
VisualStudioVersion = 17.10.35013.160
MinimumVisualStudioVersion = 10.0.40219.1
Project("{FAE04EC0-301F-11D3-BF4B-00C04F79EFBC}") = "loop2", "loop2\loop2.csproj", "{5261BADA-60CA-459D-8D62-237340C28D92}"
EndProject
Global
	GlobalSection(SolutionConfigurationPlatforms) = preSolution
		Debug|Any CPU = Debug|Any CPU
		Release|Any CPU = Release|Any CPU
	EndGlobalSection
	GlobalSection(ProjectConfigurationPlatforms) = postSolution
		{5261BADA-60CA-459D-8D62-237340C28D92}.Debug|Any CPU.ActiveCfg = Debug|Any CPU
		{5261BADA-60CA-459D-8D62-237340C28D92}.Debug|Any CPU.Build.0 = Debug|Any CPU
		{5261BADA-60CA-459D-8D62-237340C28D92}.Release|Any CPU.ActiveCfg = Release|Any CPU
		{5261BADA-60CA-459D-8D62-237340C28D92}.Release|Any CPU.Build.0 = Release|Any CPU
	EndGlobalSection
	GlobalSection(SolutionProperties) = preSolution
		HideSolutionNode = FALSE
	EndGlobalSection
	GlobalSection(ExtensibilityGlobals) = postSolution
		SolutionGuid = {9A4ECE2B-9E90-4D93-A566-595EAE1FBF66}
	EndGlobalSection
EndGlobal
